// !$*UTF8*$!
{
	archiveVersion = 1;
	classes = {
	};
	objectVersion = 46;
	objects = {

/* Begin PBXBuildFile section */
		D4D47C891A77334B004323AE /* AppDelegate.swift in Sources */ = {isa = PBXBuildFile; fileRef = D4D47C881A77334B004323AE /* AppDelegate.swift */; };
		D4D47C901A77334C004323AE /* Images.xcassets in Resources */ = {isa = PBXBuildFile; fileRef = D4D47C8F1A77334C004323AE /* Images.xcassets */; };
		D4D47C9F1A77334C004323AE /* project0Tests.swift in Sources */ = {isa = PBXBuildFile; fileRef = D4D47C9E1A77334C004323AE /* project0Tests.swift */; };
/* End PBXBuildFile section */

/* Begin PBXContainerItemProxy section */
		D4D47C991A77334C004323AE /* PBXContainerItemProxy */ = {
			isa = PBXContainerItemProxy;
			containerPortal = D4D47C7B1A77334B004323AE /* Project object */;
			proxyType = 1;
			remoteGlobalIDString = D4D47C821A77334B004323AE;
			remoteInfo = project0;
		};
/* End PBXContainerItemProxy section */

/* Begin PBXFileReference section */
		D4D47C831A77334B004323AE /* project0.app */ = {isa = PBXFileReference; explicitFileType = wrapper.application; includeInIndex = 0; path = project0.app; sourceTree = BUILT_PRODUCTS_DIR; };
		D4D47C871A77334B004323AE /* Info.plist */ = {isa = PBXFileReference; lastKnownFileType = text.plist.xml; path = Info.plist; sourceTree = "<group>"; };
		D4D47C881A77334B004323AE /* AppDelegate.swift */ = {isa = PBXFileReference; lastKnownFileType = sourcecode.swift; path = AppDelegate.swift; sourceTree = "<group>"; };
		D4D47C8F1A77334C004323AE /* Images.xcassets */ = {isa = PBXFileReference; lastKnownFileType = folder.assetcatalog; path = Images.xcassets; sourceTree = "<group>"; };
		D4D47C981A77334C004323AE /* project0Tests.xctest */ = {isa = PBXFileReference; explicitFileType = wrapper.cfbundle; includeInIndex = 0; path = project0Tests.xctest; sourceTree = BUILT_PRODUCTS_DIR; };
		D4D47C9D1A77334C004323AE /* Info.plist */ = {isa = PBXFileReference; lastKnownFileType = text.plist.xml; path = Info.plist; sourceTree = "<group>"; };
		D4D47C9E1A77334C004323AE /* project0Tests.swift */ = {isa = PBXFileReference; lastKnownFileType = sourcecode.swift; path = project0Tests.swift; sourceTree = "<group>"; };
/* End PBXFileReference section */

/* Begin PBXFrameworksBuildPhase section */
		D4D47C801A77334B004323AE /* Frameworks */ = {
			isa = PBXFrameworksBuildPhase;
			buildActionMask = 2147483647;
			files = (
			);
			runOnlyForDeploymentPostprocessing = 0;
		};
		D4D47C951A77334C004323AE /* Frameworks */ = {
			isa = PBXFrameworksBuildPhase;
			buildActionMask = 2147483647;
			files = (
			);
			runOnlyForDeploymentPostprocessing = 0;
		};
/* End PBXFrameworksBuildPhase section */

/* Begin PBXGroup section */
		D4D47C7A1A77334B004323AE = {
			isa = PBXGroup;
			children = (
				D4D47C851A77334B004323AE /* project0 */,
				D4D47C9B1A77334C004323AE /* project0Tests */,
				D4D47C841A77334B004323AE /* Products */,
			);
			sourceTree = "<group>";
		};
		D4D47C841A77334B004323AE /* Products */ = {
			isa = PBXGroup;
			children = (
				D4D47C831A77334B004323AE /* project0.app */,
				D4D47C981A77334C004323AE /* project0Tests.xctest */,
			);
			name = Products;
			sourceTree = "<group>";
		};
		D4D47C851A77334B004323AE /* project0 */ = {
			isa = PBXGroup;
			children = (
				D4D47C881A77334B004323AE /* AppDelegate.swift */,
				D4D47C8F1A77334C004323AE /* Images.xcassets */,
				D4D47C861A77334B004323AE /* Supporting Files */,
			);
			path = project0;
			sourceTree = "<group>";
		};
		D4D47C861A77334B004323AE /* Supporting Files */ = {
			isa = PBXGroup;
			children = (
				D4D47C871A77334B004323AE /* Info.plist */,
			);
			name = "Supporting Files";
			sourceTree = "<group>";
		};
		D4D47C9B1A77334C004323AE /* project0Tests */ = {
			isa = PBXGroup;
			children = (
				D4D47C9E1A77334C004323AE /* project0Tests.swift */,
				D4D47C9C1A77334C004323AE /* Supporting Files */,
			);
			path = project0Tests;
			sourceTree = "<group>";
		};
		D4D47C9C1A77334C004323AE /* Supporting Files */ = {
			isa = PBXGroup;
			children = (
				D4D47C9D1A77334C004323AE /* Info.plist */,
			);
			name = "Supporting Files";
			sourceTree = "<group>";
		};
/* End PBXGroup section */

/* Begin PBXNativeTarget section */
		D4D47C821A77334B004323AE /* project0 */ = {
			isa = PBXNativeTarget;
			buildConfigurationList = D4D47CA21A77334C004323AE /* Build configuration list for PBXNativeTarget "project0" */;
			buildPhases = (
				D4D47C7F1A77334B004323AE /* Sources */,
				D4D47C801A77334B004323AE /* Frameworks */,
				D4D47C811A77334B004323AE /* Resources */,
			);
			buildRules = (
			);
			dependencies = (
			);
			name = project0;
			productName = project0;
			productReference = D4D47C831A77334B004323AE /* project0.app */;
			productType = "com.apple.product-type.application";
		};
		D4D47C971A77334C004323AE /* project0Tests */ = {
			isa = PBXNativeTarget;
			buildConfigurationList = D4D47CA51A77334C004323AE /* Build configuration list for PBXNativeTarget "project0Tests" */;
			buildPhases = (
				D4D47C941A77334C004323AE /* Sources */,
				D4D47C951A77334C004323AE /* Frameworks */,
				D4D47C961A77334C004323AE /* Resources */,
			);
			buildRules = (
			);
			dependencies = (
				D4D47C9A1A77334C004323AE /* PBXTargetDependency */,
			);
			name = project0Tests;
			productName = project0Tests;
			productReference = D4D47C981A77334C004323AE /* project0Tests.xctest */;
			productType = "com.apple.product-type.bundle.unit-test";
		};
/* End PBXNativeTarget section */

/* Begin PBXProject section */
		D4D47C7B1A77334B004323AE /* Project object */ = {
			isa = PBXProject;
			attributes = {
				LastUpgradeCheck = 0610;
				ORGANIZATIONNAME = "Robert Johansen";
				TargetAttributes = {
					D4D47C821A77334B004323AE = {
						CreatedOnToolsVersion = 6.1.1;
					};
					D4D47C971A77334C004323AE = {
						CreatedOnToolsVersion = 6.1.1;
						TestTargetID = D4D47C821A77334B004323AE;
					};
				};
			};
			buildConfigurationList = D4D47C7E1A77334B004323AE /* Build configuration list for PBXProject "project0" */;
			compatibilityVersion = "Xcode 3.2";
			developmentRegion = English;
			hasScannedForEncodings = 0;
			knownRegions = (
				en,
				Base,
			);
			mainGroup = D4D47C7A1A77334B004323AE;
			productRefGroup = D4D47C841A77334B004323AE /* Products */;
			projectDirPath = "";
			projectRoot = "";
			targets = (
				D4D47C821A77334B004323AE /* project0 */,
				D4D47C971A77334C004323AE /* project0Tests */,
			);
		};
/* End PBXProject section */

/* Begin PBXResourcesBuildPhase section */
		D4D47C811A77334B004323AE /* Resources */ = {
			isa = PBXResourcesBuildPhase;
			buildActionMask = 2147483647;
			files = (
				D4D47C901A77334C004323AE /* Images.xcassets in Resources */,
			);
			runOnlyForDeploymentPostprocessing = 0;
		};
		D4D47C961A77334C004323AE /* Resources */ = {
			isa = PBXResourcesBuildPhase;
			buildActionMask = 2147483647;
			files = (
			);
			runOnlyForDeploymentPostprocessing = 0;
		};
/* End PBXResourcesBuildPhase section */

/* Begin PBXSourcesBuildPhase section */
		D4D47C7F1A77334B004323AE /* Sources */ = {
			isa = PBXSourcesBuildPhase;
			buildActionMask = 2147483647;
			files = (
				D4D47C891A77334B004323AE /* AppDelegate.swift in Sources */,
			);
			runOnlyForDeploymentPostprocessing = 0;
		};
		D4D47C941A77334C004323AE /* Sources */ = {
			isa = PBXSourcesBuildPhase;
			buildActionMask = 2147483647;
			files = (
				D4D47C9F1A77334C004323AE /* project0Tests.swift in Sources */,
			);
			runOnlyForDeploymentPostprocessing = 0;
		};
/* End PBXSourcesBuildPhase section */

/* Begin PBXTargetDependency section */
		D4D47C9A1A77334C004323AE /* PBXTargetDependency */ = {
			isa = PBXTargetDependency;
			target = D4D47C821A77334B004323AE /* project0 */;
			targetProxy = D4D47C991A77334C004323AE /* PBXContainerItemProxy */;
		};
/* End PBXTargetDependency section */

/* Begin XCBuildConfiguration section */
		D4D47CA01A77334C004323AE /* Debug */ = {
			isa = XCBuildConfiguration;
			buildSettings = {
				ALWAYS_SEARCH_USER_PATHS = NO;
				CLANG_CXX_LANGUAGE_STANDARD = "gnu++0x";
				CLANG_CXX_LIBRARY = "libc++";
				CLANG_ENABLE_MODULES = YES;
				CLANG_ENABLE_OBJC_ARC = YES;
				CLANG_WARN_BOOL_CONVERSION = YES;
				CLANG_WARN_CONSTANT_CONVERSION = YES;
				CLANG_WARN_DIRECT_OBJC_ISA_USAGE = YES_ERROR;
				CLANG_WARN_EMPTY_BODY = YES;
				CLANG_WARN_ENUM_CONVERSION = YES;
				CLANG_WARN_INT_CONVERSION = YES;
				CLANG_WARN_OBJC_ROOT_CLASS = YES_ERROR;
				CLANG_WARN_UNREACHABLE_CODE = YES;
				CLANG_WARN__DUPLICATE_METHOD_MATCH = YES;
				"CODE_SIGN_IDENTITY[sdk=iphoneos*]" = "iPhone Developer";
				COPY_PHASE_STRIP = NO;
				ENABLE_STRICT_OBJC_MSGSEND = YES;
				GCC_C_LANGUAGE_STANDARD = gnu99;
				GCC_DYNAMIC_NO_PIC = NO;
				GCC_OPTIMIZATION_LEVEL = 0;
				GCC_PREPROCESSOR_DEFINITIONS = (
					"DEBUG=1",
					"$(inherited)",
				);
				GCC_SYMBOLS_PRIVATE_EXTERN = NO;
				GCC_WARN_64_TO_32_BIT_CONVERSION = YES;
				GCC_WARN_ABOUT_RETURN_TYPE = YES_ERROR;
				GCC_WARN_UNDECLARED_SELECTOR = YES;
				GCC_WARN_UNINITIALIZED_AUTOS = YES_AGGRESSIVE;
				GCC_WARN_UNUSED_FUNCTION = YES;
				GCC_WARN_UNUSED_VARIABLE = YES;
				IPHONEOS_DEPLOYMENT_TARGET = 8.1;
				MTL_ENABLE_DEBUG_INFO = YES;
				ONLY_ACTIVE_ARCH = YES;
				SDKROOT = iphoneos;
				SWIFT_OPTIMIZATION_LEVEL = "-Onone";
			};
			name = Debug;
		};
		D4D47CA11A77334C004323AE /* Release */ = {
			isa = XCBuildConfiguration;
			buildSettings = {
				ALWAYS_SEARCH_USER_PATHS = NO;
				CLANG_CXX_LANGUAGE_STANDARD = "gnu++0x";
				CLANG_CXX_LIBRARY = "libc++";
				CLANG_ENABLE_MODULES = YES;
				CLANG_ENABLE_OBJC_ARC = YES;
				CLANG_WARN_BOOL_CONVERSION = YES;
				CLANG_WARN_CONSTANT_CONVERSION = YES;
				CLANG_WARN_DIRECT_OBJC_ISA_USAGE = YES_ERROR;
				CLANG_WARN_EMPTY_BODY = YES;
				CLANG_WARN_ENUM_CONVERSION = YES;
				CLANG_WARN_INT_CONVERSION = YES;
				CLANG_WARN_OBJC_ROOT_CLASS = YES_ERROR;
				CLANG_WARN_UNREACHABLE_CODE = YES;
				CLANG_WARN__DUPLICATE_METHOD_MATCH = YES;
				"CODE_SIGN_IDENTITY[sdk=iphoneos*]" = "iPhone Developer";
				COPY_PHASE_STRIP = YES;
				ENABLE_NS_ASSERTIONS = NO;
				ENABLE_STRICT_OBJC_MSGSEND = YES;
				GCC_C_LANGUAGE_STANDARD = gnu99;
				GCC_WARN_64_TO_32_BIT_CONVERSION = YES;
				GCC_WARN_ABOUT_RETURN_TYPE = YES_ERROR;
				GCC_WARN_UNDECLARED_SELECTOR = YES;
				GCC_WARN_UNINITIALIZED_AUTOS = YES_AGGRESSIVE;
				GCC_WARN_UNUSED_FUNCTION = YES;
				GCC_WARN_UNUSED_VARIABLE = YES;
				IPHONEOS_DEPLOYMENT_TARGET = 8.1;
				MTL_ENABLE_DEBUG_INFO = NO;
				SDKROOT = iphoneos;
				VALIDATE_PRODUCT = YES;
			};
			name = Release;
		};
		D4D47CA31A77334C004323AE /* Debug */ = {
			isa = XCBuildConfiguration;
			buildSettings = {
				ASSETCATALOG_COMPILER_APPICON_NAME = AppIcon;
				INFOPLIST_FILE = project0/Info.plist;
				LD_RUNPATH_SEARCH_PATHS = "$(inherited) @executable_path/Frameworks";
				PRODUCT_NAME = "$(TARGET_NAME)";
			};
			name = Debug;
		};
		D4D47CA41A77334C004323AE /* Release */ = {
			isa = XCBuildConfiguration;
			buildSettings = {
				ASSETCATALOG_COMPILER_APPICON_NAME = AppIcon;
				INFOPLIST_FILE = project0/Info.plist;
				LD_RUNPATH_SEARCH_PATHS = "$(inherited) @executable_path/Frameworks";
				PRODUCT_NAME = "$(TARGET_NAME)";
			};
			name = Release;
		};
		D4D47CA61A77334C004323AE /* Debug */ = {
			isa = XCBuildConfiguration;
			buildSettings = {
				BUNDLE_LOADER = "$(TEST_HOST)";
				FRAMEWORK_SEARCH_PATHS = (
					"$(SDKROOT)/Developer/Library/Frameworks",
					"$(inherited)",
				);
				GCC_PREPROCESSOR_DEFINITIONS = (
					"DEBUG=1",
					"$(inherited)",
				);
				INFOPLIST_FILE = project0Tests/Info.plist;
				LD_RUNPATH_SEARCH_PATHS = "$(inherited) @executable_path/Frameworks @loader_path/Frameworks";
				PRODUCT_NAME = "$(TARGET_NAME)";
				TEST_HOST = "$(BUILT_PRODUCTS_DIR)/project0.app/project0";
			};
			name = Debug;
		};
		D4D47CA71A77334C004323AE /* Release */ = {
			isa = XCBuildConfiguration;
			buildSettings = {
				BUNDLE_LOADER = "$(TEST_HOST)";
				FRAMEWORK_SEARCH_PATHS = (
					"$(SDKROOT)/Developer/Library/Frameworks",
					"$(inherited)",
				);
				INFOPLIST_FILE = project0Tests/Info.plist;
				LD_RUNPATH_SEARCH_PATHS = "$(inherited) @executable_path/Frameworks @loader_path/Frameworks";
				PRODUCT_NAME = "$(TARGET_NAME)";
				TEST_HOST = "$(BUILT_PRODUCTS_DIR)/project0.app/project0";
			};
			name = Release;
		};
/* End XCBuildConfiguration section */

/* Begin XCConfigurationList section */
		D4D47C7E1A77334B004323AE /* Build configuration list for PBXProject "project0" */ = {
			isa = XCConfigurationList;
			buildConfigurations = (
				D4D47CA01A77334C004323AE /* Debug */,
				D4D47CA11A77334C004323AE /* Release */,
			);
			defaultConfigurationIsVisible = 0;
			defaultConfigurationName = Release;
		};
		D4D47CA21A77334C004323AE /* Build configuration list for PBXNativeTarget "project0" */ = {
			isa = XCConfigurationList;
			buildConfigurations = (
				D4D47CA31A77334C004323AE /* Debug */,
				D4D47CA41A77334C004323AE /* Release */,
			);
			defaultConfigurationIsVisible = 0;
		};
		D4D47CA51A77334C004323AE /* Build configuration list for PBXNativeTarget "project0Tests" */ = {
			isa = XCConfigurationList;
			buildConfigurations = (
				D4D47CA61A77334C004323AE /* Debug */,
				D4D47CA71A77334C004323AE /* Release */,
			);
			defaultConfigurationIsVisible = 0;
		};
/* End XCConfigurationList section */
	};
	rootObject = D4D47C7B1A77334B004323AE /* Project object */;
}
